{
  "nodes": {
    "nixCats": {
      "locked": {
        "lastModified": 1744516232,
        "narHash": "sha256-o6V+iOKp2WPvFf1vBwAYYpTLbAfXvYFEqhe0S6sCIJo=",
        "owner": "BirdeeHub",
        "repo": "nixCats-nvim",
        "rev": "75d52d614d2831839b48d137bf705fa9f51bdbe0",
        "type": "github"
      },
      "original": {
        "owner": "BirdeeHub",
        "repo": "nixCats-nvim",
        "type": "github"
      }
    },
    "nixpkgs": {
      "locked": {
        "lastModified": 1744502386,
        "narHash": "sha256-QAd1L37eU7ktL2WeLLLTmI6P9moz9+a/ONO8qNBYJgM=",
        "owner": "nixos",
        "repo": "nixpkgs",
        "rev": "f6db44a8daa59c40ae41ba6e5823ec77fe0d2124",
        "type": "github"
      },
      "original": {
        "owner": "nixos",
        "ref": "nixpkgs-unstable",
        "repo": "nixpkgs",
        "type": "github"
      }
    },
    "root": {
      "inputs": {
        "nixCats": "nixCats",
        "nixpkgs": "nixpkgs"
      }
    }
  },
  "root": "root",
  "version": 7
}
